
Microsoft Visual Studio Solution File, Format Version 12.00
# Visual Studio 2012
Project("{FAE04EC0-301F-11D3-BF4B-00C04F79EFBC}") = "BookStore.Data", "BookStore.Data\BookStore.Data.csproj", "{54CE460E-EF73-4B00-B2AD-955C8DB6241D}"
EndProject
Project("{FAE04EC0-301F-11D3-BF4B-00C04F79EFBC}") = "BookStore.Domain", "BookStore.Domain\BookStore.Domain.csproj", "{ECBCB89A-9444-4FB7-A493-FA6C325D1367}"
EndProject
Project("{FAE04EC0-301F-11D3-BF4B-00C04F79EFBC}") = "BookStore.Business", "BookStore.Business\BookStore.Business.csproj", "{69A76664-FAE1-4430-97B7-58E4DED15EE8}"
EndProject
Project("{FAE04EC0-301F-11D3-BF4B-00C04F79EFBC}") = "BookStore.Ioc", "BookStore.Ioc\BookStore.Ioc.csproj", "{A83566AA-1B41-4C6B-9E77-ABFE1F008AFF}"
EndProject
Project("{2150E333-8FDC-42A3-9474-1A3956D46DE8}") = "SolitionItems", "SolitionItems", "{DA866245-5FA5-4434-821B-BECDCEE5203C}"
	ProjectSection(SolutionItems) = preProject
		Kaynaklar.txt = Kaynaklar.txt
		KurulumAyarlari.txt = KurulumAyarlari.txt
		Sorunlar.txt = Sorunlar.txt
		ToDoList.txt = ToDoList.txt
	EndProjectSection
EndProject
Project("{FAE04EC0-301F-11D3-BF4B-00C04F79EFBC}") = "BookStore.Foundation", "BookStore.Foundation\BookStore.Foundation.csproj", "{E1E57B3B-9DD8-44FA-B376-EE6CB9897EAD}"
EndProject
Project("{FAE04EC0-301F-11D3-BF4B-00C04F79EFBC}") = "BookStore.Winform", "BookStore.Winform\BookStore.Winform.csproj", "{F367E10B-16B1-4AA2-B6A6-AFE86409F7F7}"
EndProject
Project("{2150E333-8FDC-42A3-9474-1A3956D46DE8}") = ".nuget", ".nuget", "{9D749BA7-0686-4AB0-989C-324A0BCF6B41}"
	ProjectSection(SolutionItems) = preProject
		.nuget\NuGet.Config = .nuget\NuGet.Config
		.nuget\NuGet.exe = .nuget\NuGet.exe
		.nuget\NuGet.targets = .nuget\NuGet.targets
	EndProjectSection
EndProject
Project("{FAE04EC0-301F-11D3-BF4B-00C04F79EFBC}") = "BookStore.Test", "BookStore.Test\BookStore.Test.csproj", "{1491AAAF-5402-45C3-A7AC-46C1EEACED9D}"
EndProject
Global
	GlobalSection(SolutionConfigurationPlatforms) = preSolution
		Debug|Any CPU = Debug|Any CPU
		Release|Any CPU = Release|Any CPU
	EndGlobalSection
	GlobalSection(ProjectConfigurationPlatforms) = postSolution
		{54CE460E-EF73-4B00-B2AD-955C8DB6241D}.Debug|Any CPU.ActiveCfg = Debug|Any CPU
		{54CE460E-EF73-4B00-B2AD-955C8DB6241D}.Debug|Any CPU.Build.0 = Debug|Any CPU
		{54CE460E-EF73-4B00-B2AD-955C8DB6241D}.Release|Any CPU.ActiveCfg = Release|Any CPU
		{54CE460E-EF73-4B00-B2AD-955C8DB6241D}.Release|Any CPU.Build.0 = Release|Any CPU
		{ECBCB89A-9444-4FB7-A493-FA6C325D1367}.Debug|Any CPU.ActiveCfg = Debug|Any CPU
		{ECBCB89A-9444-4FB7-A493-FA6C325D1367}.Debug|Any CPU.Build.0 = Debug|Any CPU
		{ECBCB89A-9444-4FB7-A493-FA6C325D1367}.Release|Any CPU.ActiveCfg = Release|Any CPU
		{ECBCB89A-9444-4FB7-A493-FA6C325D1367}.Release|Any CPU.Build.0 = Release|Any CPU
		{69A76664-FAE1-4430-97B7-58E4DED15EE8}.Debug|Any CPU.ActiveCfg = Debug|Any CPU
		{69A76664-FAE1-4430-97B7-58E4DED15EE8}.Debug|Any CPU.Build.0 = Debug|Any CPU
		{69A76664-FAE1-4430-97B7-58E4DED15EE8}.Release|Any CPU.ActiveCfg = Release|Any CPU
		{69A76664-FAE1-4430-97B7-58E4DED15EE8}.Release|Any CPU.Build.0 = Release|Any CPU
		{A83566AA-1B41-4C6B-9E77-ABFE1F008AFF}.Debug|Any CPU.ActiveCfg = Debug|Any CPU
		{A83566AA-1B41-4C6B-9E77-ABFE1F008AFF}.Debug|Any CPU.Build.0 = Debug|Any CPU
		{A83566AA-1B41-4C6B-9E77-ABFE1F008AFF}.Release|Any CPU.ActiveCfg = Release|Any CPU
		{A83566AA-1B41-4C6B-9E77-ABFE1F008AFF}.Release|Any CPU.Build.0 = Release|Any CPU
		{E1E57B3B-9DD8-44FA-B376-EE6CB9897EAD}.Debug|Any CPU.ActiveCfg = Debug|Any CPU
		{E1E57B3B-9DD8-44FA-B376-EE6CB9897EAD}.Debug|Any CPU.Build.0 = Debug|Any CPU
		{E1E57B3B-9DD8-44FA-B376-EE6CB9897EAD}.Release|Any CPU.ActiveCfg = Release|Any CPU
		{E1E57B3B-9DD8-44FA-B376-EE6CB9897EAD}.Release|Any CPU.Build.0 = Release|Any CPU
		{F367E10B-16B1-4AA2-B6A6-AFE86409F7F7}.Debug|Any CPU.ActiveCfg = Debug|Any CPU
		{F367E10B-16B1-4AA2-B6A6-AFE86409F7F7}.Debug|Any CPU.Build.0 = Debug|Any CPU
		{F367E10B-16B1-4AA2-B6A6-AFE86409F7F7}.Release|Any CPU.ActiveCfg = Release|Any CPU
		{F367E10B-16B1-4AA2-B6A6-AFE86409F7F7}.Release|Any CPU.Build.0 = Release|Any CPU
		{1491AAAF-5402-45C3-A7AC-46C1EEACED9D}.Debug|Any CPU.ActiveCfg = Debug|Any CPU
		{1491AAAF-5402-45C3-A7AC-46C1EEACED9D}.Debug|Any CPU.Build.0 = Debug|Any CPU
		{1491AAAF-5402-45C3-A7AC-46C1EEACED9D}.Release|Any CPU.ActiveCfg = Release|Any CPU
		{1491AAAF-5402-45C3-A7AC-46C1EEACED9D}.Release|Any CPU.Build.0 = Release|Any CPU
	EndGlobalSection
	GlobalSection(SolutionProperties) = preSolution
		HideSolutionNode = FALSE
	EndGlobalSection
	GlobalSection(ExtensibilityGlobals) = postSolution
		EnterpriseLibraryConfigurationToolBinariesPath = packages\Unity.2.1.505.2\lib\NET35
	EndGlobalSection
EndGlobal
